
Microsoft Visual Studio Solution File, Format Version 12.00
# Visual Studio Version 16
VisualStudioVersion = 16.0.30011.22
MinimumVisualStudioVersion = 10.0.40219.1
Project("{9A19103F-16F7-4668-BE54-9A1E7A4F7556}") = "StartupProjectManager.Services", "StartupProjectManager.Services\StartupProjectManager.Services.csproj", "{5F802275-E262-43E2-B2D1-BC61D70D00D0}"
EndProject
Project("{9A19103F-16F7-4668-BE54-9A1E7A4F7556}") = "StartupProjectManager.Database", "StartupProjecManager.Database\StartupProjectManager.Database.csproj", "{5C5A9622-40EB-48B6-A3AE-F3F6327FB76E}"
EndProject
Project("{2150E333-8FDC-42A3-9474-1A3956D46DE8}") = "Solution Items", "Solution Items", "{1A12FA95-C56E-42AF-BB1F-14CEDECE5F1E}"
	ProjectSection(SolutionItems) = preProject
		..\.editorconfig = ..\.editorconfig
		add-migration.ps1 = add-migration.ps1
		..\PROJECT.md = ..\PROJECT.md
		..\README.md = ..\README.md
		update-database.ps1 = update-database.ps1
	EndProjectSection
EndProject
Project("{9A19103F-16F7-4668-BE54-9A1E7A4F7556}") = "StartupProjectManager.Ui", "StartupProjectManager.Ui\StartupProjectManager.Ui.csproj", "{0CD697C9-00C7-43F3-8082-6C463EC1ABD2}"
EndProject
Project("{2150E333-8FDC-42A3-9474-1A3956D46DE8}") = "Tests", "Tests", "{733503E3-42F2-4AEC-95B0-9E1BB814BCC6}"
EndProject
Project("{FAE04EC0-301F-11D3-BF4B-00C04F79EFBC}") = "StartupProjectManager.Tests", "StartupProjectManager.Tests\StartupProjectManager.Tests.csproj", "{7EE8E7EF-4B99-4246-83AB-D4E47A184F52}"
EndProject
Global
	GlobalSection(SolutionConfigurationPlatforms) = preSolution
		Debug|Any CPU = Debug|Any CPU
		Release|Any CPU = Release|Any CPU
	EndGlobalSection
	GlobalSection(ProjectConfigurationPlatforms) = postSolution
		{5F802275-E262-43E2-B2D1-BC61D70D00D0}.Debug|Any CPU.ActiveCfg = Debug|Any CPU
		{5F802275-E262-43E2-B2D1-BC61D70D00D0}.Debug|Any CPU.Build.0 = Debug|Any CPU
		{5F802275-E262-43E2-B2D1-BC61D70D00D0}.Release|Any CPU.ActiveCfg = Release|Any CPU
		{5F802275-E262-43E2-B2D1-BC61D70D00D0}.Release|Any CPU.Build.0 = Release|Any CPU
		{5C5A9622-40EB-48B6-A3AE-F3F6327FB76E}.Debug|Any CPU.ActiveCfg = Debug|Any CPU
		{5C5A9622-40EB-48B6-A3AE-F3F6327FB76E}.Debug|Any CPU.Build.0 = Debug|Any CPU
		{5C5A9622-40EB-48B6-A3AE-F3F6327FB76E}.Release|Any CPU.ActiveCfg = Release|Any CPU
		{5C5A9622-40EB-48B6-A3AE-F3F6327FB76E}.Release|Any CPU.Build.0 = Release|Any CPU
		{0CD697C9-00C7-43F3-8082-6C463EC1ABD2}.Debug|Any CPU.ActiveCfg = Debug|Any CPU
		{0CD697C9-00C7-43F3-8082-6C463EC1ABD2}.Debug|Any CPU.Build.0 = Debug|Any CPU
		{0CD697C9-00C7-43F3-8082-6C463EC1ABD2}.Release|Any CPU.ActiveCfg = Release|Any CPU
		{0CD697C9-00C7-43F3-8082-6C463EC1ABD2}.Release|Any CPU.Build.0 = Release|Any CPU
		{7EE8E7EF-4B99-4246-83AB-D4E47A184F52}.Debug|Any CPU.ActiveCfg = Debug|Any CPU
		{7EE8E7EF-4B99-4246-83AB-D4E47A184F52}.Debug|Any CPU.Build.0 = Debug|Any CPU
		{7EE8E7EF-4B99-4246-83AB-D4E47A184F52}.Release|Any CPU.ActiveCfg = Release|Any CPU
		{7EE8E7EF-4B99-4246-83AB-D4E47A184F52}.Release|Any CPU.Build.0 = Release|Any CPU
	EndGlobalSection
	GlobalSection(SolutionProperties) = preSolution
		HideSolutionNode = FALSE
	EndGlobalSection
	GlobalSection(NestedProjects) = preSolution
		{7EE8E7EF-4B99-4246-83AB-D4E47A184F52} = {733503E3-42F2-4AEC-95B0-9E1BB814BCC6}
	EndGlobalSection
	GlobalSection(ExtensibilityGlobals) = postSolution
		SolutionGuid = {30D9AAAC-40D3-4FB0-A230-4EFF1E2838FA}
	EndGlobalSection
EndGlobal
